
Microsoft Visual Studio Solution File, Format Version 12.00
# Visual Studio Version 16
VisualStudioVersion = 16.0.33920.266
MinimumVisualStudioVersion = 10.0.40219.1
Project("{FAE04EC0-301F-11D3-BF4B-00C04F79EFBC}") = "Final Assignment", "Final Assignment\Final Assignment.csproj", "{C8D050DE-1AF7-4E40-971D-CE3D294C8229}"
EndProject
Global
	GlobalSection(SolutionConfigurationPlatforms) = preSolution
		Debug|Any CPU = Debug|Any CPU
		Release|Any CPU = Release|Any CPU
	EndGlobalSection
	GlobalSection(ProjectConfigurationPlatforms) = postSolution
		{C8D050DE-1AF7-4E40-971D-CE3D294C8229}.Debug|Any CPU.ActiveCfg = Debug|Any CPU
		{C8D050DE-1AF7-4E40-971D-CE3D294C8229}.Debug|Any CPU.Build.0 = Debug|Any CPU
		{C8D050DE-1AF7-4E40-971D-CE3D294C8229}.Release|Any CPU.ActiveCfg = Release|Any CPU
		{C8D050DE-1AF7-4E40-971D-CE3D294C8229}.Release|Any CPU.Build.0 = Release|Any CPU
	EndGlobalSection
	GlobalSection(SolutionProperties) = preSolution
		HideSolutionNode = FALSE
	EndGlobalSection
	GlobalSection(ExtensibilityGlobals) = postSolution
		SolutionGuid = {554820F6-B1CA-4248-9A48-8E53FE37A2E9}
	EndGlobalSection
EndGlobal
